
Microsoft Visual Studio Solution File, Format Version 12.00
# Visual Studio Version 17
VisualStudioVersion = 17.14.36616.10 d17.14
MinimumVisualStudioVersion = 10.0.40219.1
Project("{8BC9CEB8-8B4A-11D0-8D11-00A0C91BC942}") = "Queue", "Queue\Queue.vcxproj", "{FD5C9437-C4BB-42E9-ACA2-FA13F0512FB2}"
EndProject
Global
	GlobalSection(SolutionConfigurationPlatforms) = preSolution
		Debug|x64 = Debug|x64
		Debug|x86 = Debug|x86
		Release|x64 = Release|x64
		Release|x86 = Release|x86
	EndGlobalSection
	GlobalSection(ProjectConfigurationPlatforms) = postSolution
		{FD5C9437-C4BB-42E9-ACA2-FA13F0512FB2}.Debug|x64.ActiveCfg = Debug|x64
		{FD5C9437-C4BB-42E9-ACA2-FA13F0512FB2}.Debug|x64.Build.0 = Debug|x64
		{FD5C9437-C4BB-42E9-ACA2-FA13F0512FB2}.Debug|x86.ActiveCfg = Debug|Win32
		{FD5C9437-C4BB-42E9-ACA2-FA13F0512FB2}.Debug|x86.Build.0 = Debug|Win32
		{FD5C9437-C4BB-42E9-ACA2-FA13F0512FB2}.Release|x64.ActiveCfg = Release|x64
		{FD5C9437-C4BB-42E9-ACA2-FA13F0512FB2}.Release|x64.Build.0 = Release|x64
		{FD5C9437-C4BB-42E9-ACA2-FA13F0512FB2}.Release|x86.ActiveCfg = Release|Win32
		{FD5C9437-C4BB-42E9-ACA2-FA13F0512FB2}.Release|x86.Build.0 = Release|Win32
	EndGlobalSection
	GlobalSection(SolutionProperties) = preSolution
		HideSolutionNode = FALSE
	EndGlobalSection
	GlobalSection(ExtensibilityGlobals) = postSolution
		SolutionGuid = {B9F28CE1-6773-40F2-A75D-32FEF4612B7F}
	EndGlobalSection
EndGlobal
